
Microsoft Visual Studio Solution File, Format Version 12.00
# Visual Studio Version 16
VisualStudioVersion = 16.0.31129.286
MinimumVisualStudioVersion = 10.0.40219.1
Project("{FAE04EC0-301F-11D3-BF4B-00C04F79EFBC}") = "Car-Dealership-GUI", "Car-Dealership-GUI.csproj", "{2108282D-BF1A-48D3-AEC9-F13C85F71936}"
EndProject
Global
	GlobalSection(SolutionConfigurationPlatforms) = preSolution
		Debug|Any CPU = Debug|Any CPU
		Release|Any CPU = Release|Any CPU
	EndGlobalSection
	GlobalSection(ProjectConfigurationPlatforms) = postSolution
		{2108282D-BF1A-48D3-AEC9-F13C85F71936}.Debug|Any CPU.ActiveCfg = Debug|Any CPU
		{2108282D-BF1A-48D3-AEC9-F13C85F71936}.Debug|Any CPU.Build.0 = Debug|Any CPU
		{2108282D-BF1A-48D3-AEC9-F13C85F71936}.Release|Any CPU.ActiveCfg = Release|Any CPU
		{2108282D-BF1A-48D3-AEC9-F13C85F71936}.Release|Any CPU.Build.0 = Release|Any CPU
	EndGlobalSection
	GlobalSection(SolutionProperties) = preSolution
		HideSolutionNode = FALSE
	EndGlobalSection
	GlobalSection(ExtensibilityGlobals) = postSolution
		SolutionGuid = {7EC4990A-B3F6-43F6-8845-C03213829C55}
	EndGlobalSection
EndGlobal
